{
    "_readme": [
        "This file locks the dependencies of your project to a known state",
        "Read more about it at https://getcomposer.org/doc/01-basic-usage.md#composer-lock-the-lock-file",
        "This file is @generated automatically"
    ],
    "hash": "64e474211af38df9ea99ad46120d7558",
    "content-hash": "3e88627e4749a85e076437c5933eaf92",
    "packages": [
        {
            "name": "constructions-incongrues/ananas-build-toolkit",
            "version": "0.30.0",
            "source": {
                "type": "git",
                "url": "git@github.com:constructions-incongrues/ananas-build-toolkit.git",
                "reference": "b670157e62726af105b8b815bb1e2b54b7733522"
            },
            "require": {
                "php": ">=5.5.0"
            },
            "type": "library",
            "authors": [
                {
                    "name": "Constructions Incongrues",
                    "email": "contact@constructions-incongrues.net"
                }
            ],
            "description": "L'Ananas Build Toolkit est un framework de configuration et de déploiement de projet logiciel.",
            "homepage": "https://github.com/constructions-incongrues/ananas-build-toolkit",
            "support": {
                "issues": "https://github.com/constructions-incongrues/ananas-build-toolkit/issues",
                "source": "https://github.com/constructions-incongrues/ananas-build-toolkit"
            },
            "time": "2015-09-21 16:38:31"
        }
    ],
    "packages-dev": [],
    "aliases": [],
    "minimum-stability": "stable",
    "stability-flags": [],
    "prefer-stable": false,
    "prefer-lowest": false,
    "platform": [],
    "platform-dev": []
}
